
Microsoft Visual Studio Solution File, Format Version 12.00
# Visual Studio Version 17
VisualStudioVersion = 17.2.32616.157
MinimumVisualStudioVersion = 10.0.40219.1
Project("{FAE04EC0-301F-11D3-BF4B-00C04F79EFBC}") = "Task1_APITestsNew", "Task1_APITestsNew\Task1_APITestsNew.csproj", "{0EBEE688-18C3-4999-B0D2-8E037E91EB6E}"
EndProject
Project("{FAE04EC0-301F-11D3-BF4B-00C04F79EFBC}") = "Task2_WebDriverTests_New", "Task2_WebDriverTests_New\Task2_WebDriverTests_New.csproj", "{FE8A60CF-3E41-4764-AA3A-8232B9547712}"
EndProject
Project("{FAE04EC0-301F-11D3-BF4B-00C04F79EFBC}") = "Task3_AppiumDesktopTestsNew", "Task3_AppiumDesktopTestsNew\Task3_AppiumDesktopTestsNew.csproj", "{70125FF4-451E-45AA-AB8A-439232D95610}"
EndProject
Global
	GlobalSection(SolutionConfigurationPlatforms) = preSolution
		Debug|Any CPU = Debug|Any CPU
		Release|Any CPU = Release|Any CPU
	EndGlobalSection
	GlobalSection(ProjectConfigurationPlatforms) = postSolution
		{0EBEE688-18C3-4999-B0D2-8E037E91EB6E}.Debug|Any CPU.ActiveCfg = Debug|Any CPU
		{0EBEE688-18C3-4999-B0D2-8E037E91EB6E}.Debug|Any CPU.Build.0 = Debug|Any CPU
		{0EBEE688-18C3-4999-B0D2-8E037E91EB6E}.Release|Any CPU.ActiveCfg = Release|Any CPU
		{0EBEE688-18C3-4999-B0D2-8E037E91EB6E}.Release|Any CPU.Build.0 = Release|Any CPU
		{FE8A60CF-3E41-4764-AA3A-8232B9547712}.Debug|Any CPU.ActiveCfg = Debug|Any CPU
		{FE8A60CF-3E41-4764-AA3A-8232B9547712}.Debug|Any CPU.Build.0 = Debug|Any CPU
		{FE8A60CF-3E41-4764-AA3A-8232B9547712}.Release|Any CPU.ActiveCfg = Release|Any CPU
		{FE8A60CF-3E41-4764-AA3A-8232B9547712}.Release|Any CPU.Build.0 = Release|Any CPU
		{70125FF4-451E-45AA-AB8A-439232D95610}.Debug|Any CPU.ActiveCfg = Debug|Any CPU
		{70125FF4-451E-45AA-AB8A-439232D95610}.Debug|Any CPU.Build.0 = Debug|Any CPU
		{70125FF4-451E-45AA-AB8A-439232D95610}.Release|Any CPU.ActiveCfg = Release|Any CPU
		{70125FF4-451E-45AA-AB8A-439232D95610}.Release|Any CPU.Build.0 = Release|Any CPU
	EndGlobalSection
	GlobalSection(SolutionProperties) = preSolution
		HideSolutionNode = FALSE
	EndGlobalSection
	GlobalSection(ExtensibilityGlobals) = postSolution
		SolutionGuid = {8B495C6F-D364-4038-B078-AB4C8D8B834B}
	EndGlobalSection
EndGlobal
